
Microsoft Visual Studio Solution File, Format Version 12.00
# Visual Studio Version 16
VisualStudioVersion = 16.0.29911.84
MinimumVisualStudioVersion = 10.0.40219.1
Project("{8BC9CEB8-8B4A-11D0-8D11-00A0C91BC942}") = "Sandbox", "Sandbox\Sandbox.vcxproj", "{D433ED3B-FE3D-45B9-80C3-F29AF2490C52}"
EndProject
Project("{8BC9CEB8-8B4A-11D0-8D11-00A0C91BC942}") = "Atlas", "Atlas\Atlas.vcxproj", "{2401ABD4-4D27-48D5-A832-991D38C77D44}"
EndProject
Global
	GlobalSection(SolutionConfigurationPlatforms) = preSolution
		Debug|x64 = Debug|x64
		Release|x64 = Release|x64
	EndGlobalSection
	GlobalSection(ProjectConfigurationPlatforms) = postSolution
		{2401ABD4-4D27-48D5-A832-991D38C77D44}.Debug|x64.ActiveCfg = Debug|x64
		{2401ABD4-4D27-48D5-A832-991D38C77D44}.Debug|x64.Build.0 = Debug|x64
		{2401ABD4-4D27-48D5-A832-991D38C77D44}.Release|x64.ActiveCfg = Release|x64
		{2401ABD4-4D27-48D5-A832-991D38C77D44}.Release|x64.Build.0 = Release|x64
		{D433ED3B-FE3D-45B9-80C3-F29AF2490C52}.Debug|x64.ActiveCfg = Debug|x64
		{D433ED3B-FE3D-45B9-80C3-F29AF2490C52}.Debug|x64.Build.0 = Debug|x64
		{D433ED3B-FE3D-45B9-80C3-F29AF2490C52}.Release|x64.ActiveCfg = Release|x64
		{D433ED3B-FE3D-45B9-80C3-F29AF2490C52}.Release|x64.Build.0 = Release|x64
	EndGlobalSection
	GlobalSection(SolutionProperties) = preSolution
		HideSolutionNode = FALSE
	EndGlobalSection
	GlobalSection(ExtensibilityGlobals) = postSolution
		SolutionGuid = {1406FA67-9C08-4C51-8836-6274759DEDE5}
	EndGlobalSection
EndGlobal
