<?xml version="1.0" encoding="utf-8"?>
<Project ToolsVersion="4.0" xmlns="http://schemas.microsoft.com/developer/msbuild/2003">
  <ItemGroup>
    <Filter Include="Atlas">
      <UniqueIdentifier>{3AADD80C-A6C1-00BE-6F43-A41DDB16FDEE}</UniqueIdentifier>
    </Filter>
    <Filter Include="Atlas\Events">
      <UniqueIdentifier>{DEF313F9-CA56-A39D-73DC-DB535F1E6F20}</UniqueIdentifier>
    </Filter>
    <Filter Include="Atlas\ImGui">
      <UniqueIdentifier>{E4A5A04D-505B-1943-D94F-131A45041047}</UniqueIdentifier>
    </Filter>
    <Filter Include="Atlas\Renderer">
      <UniqueIdentifier>{2072DB84-0C40-CF8A-F5D3-3FB1E140ABEF}</UniqueIdentifier>
    </Filter>
    <Filter Include="Platform">
      <UniqueIdentifier>{2AC788B4-1694-E3BF-3FAD-D1672BD9184E}</UniqueIdentifier>
    </Filter>
    <Filter Include="Platform\OpenGL">
      <UniqueIdentifier>{1E7D2C1D-8A08-9AE1-9319-1DD6FF23F6E1}</UniqueIdentifier>
    </Filter>
    <Filter Include="Platform\Windows">
      <UniqueIdentifier>{64FBD71A-50F4-F66C-7926-DCF1657ED678}</UniqueIdentifier>
    </Filter>
  </ItemGroup>
  <ItemGroup>
    <ClInclude Include="src\Atlas.h" />
    <ClInclude Include="src\Atlas\Application.h">
      <Filter>Atlas</Filter>
    </ClInclude>
    <ClInclude Include="src\Atlas\Core.h">
      <Filter>Atlas</Filter>
    </ClInclude>
    <ClInclude Include="src\Atlas\EntryPoint.h">
      <Filter>Atlas</Filter>
    </ClInclude>
    <ClInclude Include="src\Atlas\Events\ApplicationEvent.h">
      <Filter>Atlas\Events</Filter>
    </ClInclude>
    <ClInclude Include="src\Atlas\Events\Event.h">
      <Filter>Atlas\Events</Filter>
    </ClInclude>
    <ClInclude Include="src\Atlas\Events\KeyEvent.h">
      <Filter>Atlas\Events</Filter>
    </ClInclude>
    <ClInclude Include="src\Atlas\Events\MouseEvent.h">
      <Filter>Atlas\Events</Filter>
    </ClInclude>
    <ClInclude Include="src\Atlas\ImGui\ImGuiLayer.h">
      <Filter>Atlas\ImGui</Filter>
    </ClInclude>
    <ClInclude Include="src\Atlas\Input.h">
      <Filter>Atlas</Filter>
    </ClInclude>
    <ClInclude Include="src\Atlas\KeyCodes.h">
      <Filter>Atlas</Filter>
    </ClInclude>
    <ClInclude Include="src\Atlas\Layer.h">
      <Filter>Atlas</Filter>
    </ClInclude>
    <ClInclude Include="src\Atlas\LayerStack.h">
      <Filter>Atlas</Filter>
    </ClInclude>
    <ClInclude Include="src\Atlas\Log.h">
      <Filter>Atlas</Filter>
    </ClInclude>
    <ClInclude Include="src\Atlas\MouseButtonCodes.h">
      <Filter>Atlas</Filter>
    </ClInclude>
    <ClInclude Include="src\Atlas\Renderer\Buffer.h">
      <Filter>Atlas\Renderer</Filter>
    </ClInclude>
    <ClInclude Include="src\Atlas\Renderer\Camera.h">
      <Filter>Atlas\Renderer</Filter>
    </ClInclude>
    <ClInclude Include="src\Atlas\Renderer\GraphicsContext.h">
      <Filter>Atlas\Renderer</Filter>
    </ClInclude>
    <ClInclude Include="src\Atlas\Renderer\OrthographicCamera.h">
      <Filter>Atlas\Renderer</Filter>
    </ClInclude>
    <ClInclude Include="src\Atlas\Renderer\RenderCommand.h">
      <Filter>Atlas\Renderer</Filter>
    </ClInclude>
    <ClInclude Include="src\Atlas\Renderer\Renderer.h">
      <Filter>Atlas\Renderer</Filter>
    </ClInclude>
    <ClInclude Include="src\Atlas\Renderer\RendererAPI.h">
      <Filter>Atlas\Renderer</Filter>
    </ClInclude>
    <ClInclude Include="src\Atlas\Renderer\Shader.h">
      <Filter>Atlas\Renderer</Filter>
    </ClInclude>
    <ClInclude Include="src\Atlas\Renderer\VertexArray.h">
      <Filter>Atlas\Renderer</Filter>
    </ClInclude>
    <ClInclude Include="src\Atlas\Timestep.h">
      <Filter>Atlas</Filter>
    </ClInclude>
    <ClInclude Include="src\Atlas\Window.h">
      <Filter>Atlas</Filter>
    </ClInclude>
    <ClInclude Include="src\Platform\OpenGL\OpenGLBuffer.h">
      <Filter>Platform\OpenGL</Filter>
    </ClInclude>
    <ClInclude Include="src\Platform\OpenGL\OpenGLContext.h">
      <Filter>Platform\OpenGL</Filter>
    </ClInclude>
    <ClInclude Include="src\Platform\OpenGL\OpenGLRendererAPI.h">
      <Filter>Platform\OpenGL</Filter>
    </ClInclude>
    <ClInclude Include="src\Platform\OpenGL\OpenGLVertexArray.h">
      <Filter>Platform\OpenGL</Filter>
    </ClInclude>
    <ClInclude Include="src\Platform\Windows\WindowsWindow.h">
      <Filter>Platform\Windows</Filter>
    </ClInclude>
    <ClInclude Include="src\WindowsInput.h" />
    <ClInclude Include="src\atlaspch.h" />
  </ItemGroup>
  <ItemGroup>
    <ClCompile Include="src\Atlas\Application.cpp">
      <Filter>Atlas</Filter>
    </ClCompile>
    <ClCompile Include="src\Atlas\ImGui\ImGuiLayer.cpp">
      <Filter>Atlas\ImGui</Filter>
    </ClCompile>
    <ClCompile Include="src\Atlas\ImGui\imGuiBuild.cpp">
      <Filter>Atlas\ImGui</Filter>
    </ClCompile>
    <ClCompile Include="src\Atlas\Layer.cpp">
      <Filter>Atlas</Filter>
    </ClCompile>
    <ClCompile Include="src\Atlas\LayerStack.cpp">
      <Filter>Atlas</Filter>
    </ClCompile>
    <ClCompile Include="src\Atlas\Log.cpp">
      <Filter>Atlas</Filter>
    </ClCompile>
    <ClCompile Include="src\Atlas\Renderer\Buffer.cpp">
      <Filter>Atlas\Renderer</Filter>
    </ClCompile>
    <ClCompile Include="src\Atlas\Renderer\Camera.cpp">
      <Filter>Atlas\Renderer</Filter>
    </ClCompile>
    <ClCompile Include="src\Atlas\Renderer\OrthographicCamera.cpp">
      <Filter>Atlas\Renderer</Filter>
    </ClCompile>
    <ClCompile Include="src\Atlas\Renderer\RenderCommand.cpp">
      <Filter>Atlas\Renderer</Filter>
    </ClCompile>
    <ClCompile Include="src\Atlas\Renderer\Renderer.cpp">
      <Filter>Atlas\Renderer</Filter>
    </ClCompile>
    <ClCompile Include="src\Atlas\Renderer\RendererAPI.cpp">
      <Filter>Atlas\Renderer</Filter>
    </ClCompile>
    <ClCompile Include="src\Atlas\Renderer\Shader.cpp">
      <Filter>Atlas\Renderer</Filter>
    </ClCompile>
    <ClCompile Include="src\Atlas\Renderer\VertexArray.cpp">
      <Filter>Atlas\Renderer</Filter>
    </ClCompile>
    <ClCompile Include="src\Platform\OpenGL\OpenGLBuffer.cpp">
      <Filter>Platform\OpenGL</Filter>
    </ClCompile>
    <ClCompile Include="src\Platform\OpenGL\OpenGLContext.cpp">
      <Filter>Platform\OpenGL</Filter>
    </ClCompile>
    <ClCompile Include="src\Platform\OpenGL\OpenGLRendererAPI.cpp">
      <Filter>Platform\OpenGL</Filter>
    </ClCompile>
    <ClCompile Include="src\Platform\OpenGL\OpenGLVertexArray.cpp">
      <Filter>Platform\OpenGL</Filter>
    </ClCompile>
    <ClCompile Include="src\Platform\Windows\WindowsWindow.cpp">
      <Filter>Platform\Windows</Filter>
    </ClCompile>
    <ClCompile Include="src\WindowsInput.cpp" />
    <ClCompile Include="src\atlaspch.cpp" />
  </ItemGroup>
</Project>